<?xml version="1.0" encoding="UTF-8"?>
<Scheme
   LastUpgradeVersion = "1640"
   version = "1.7">
   <BuildAction
      parallelizeBuildables = "YES"
      buildImplicitDependencies = "YES"
      buildArchitectures = "Automatic">
      <BuildActionEntries>
         <BuildActionEntry
            buildForTesting = "YES"
            buildForRunning = "YES"
            buildForProfiling = "YES"
            buildForArchiving = "YES"
            buildForAnalyzing = "YES">
            <BuildableReference
               BuildableIdentifier = "primary"
               BlueprintIdentifier = "C9104ACD2E48586500C713CC"
               BuildableName = "VoiceMap.app"
               BlueprintName = "VoiceMap"
               ReferencedContainer = "container:VoiceMap.xcodeproj">
            </BuildableReference>
         </BuildActionEntry>
      </BuildActionEntries>
   </BuildAction>
   <TestAction
      buildConfiguration = "Debug"
      selectedDebuggerIdentifier = "Xcode.DebuggerFoundation.Debugger.LLDB"
      selectedLauncherIdentifier = "Xcode.DebuggerFoundation.Launcher.LLDB"
      shouldUseLaunchSchemeArgsEnv = "YES"
      shouldAutocreateTestPlan = "YES">
      <Testables>
         <TestableReference
            skipped = "NO"
            parallelizable = "YES">
            <BuildableReference
               BuildableIdentifier = "primary"
               BlueprintIdentifier = "C9104ADA2E48586600C713CC"
               BuildableName = "VoiceMapTests.xctest"
               BlueprintName = "VoiceMapTests"
               ReferencedContainer = "container:VoiceMap.xcodeproj">
            </BuildableReference>
         </TestableReference>
         <TestableReference
            skipped = "NO"
            parallelizable = "YES">
            <BuildableReference
               BuildableIdentifier = "primary"
               BlueprintIdentifier = "C9104AE42E48586600C713CC"
               BuildableName = "VoiceMapUITests.xctest"
               BlueprintName = "VoiceMapUITests"
               ReferencedContainer = "container:VoiceMap.xcodeproj">
            </BuildableReference>
         </TestableReference>
      </Testables>
   </TestAction>
   <LaunchAction
      buildConfiguration = "Debug"
      selectedDebuggerIdentifier = "Xcode.DebuggerFoundation.Debugger.LLDB"
      selectedLauncherIdentifier = "Xcode.DebuggerFoundation.Launcher.LLDB"
      launchStyle = "0"
      useCustomWorkingDirectory = "NO"
      ignoresPersistentStateOnLaunch = "NO"
      debugDocumentVersioning = "YES"
      debugServiceExtension = "internal"
      allowLocationSimulation = "YES">
      <BuildableProductRunnable
         runnableDebuggingMode = "0">
         <BuildableReference
            BuildableIdentifier = "primary"
            BlueprintIdentifier = "C9104ACD2E48586500C713CC"
            BuildableName = "VoiceMap.app"
            BlueprintName = "VoiceMap"
            ReferencedContainer = "container:VoiceMap.xcodeproj">
         </BuildableReference>
      </BuildableProductRunnable>
      <EnvironmentVariables>
         <EnvironmentVariable
            key = "LIVEKIT_URL"
            value = "wss://voyce-i2so3igr.livekit.cloud"
            isEnabled = "YES">
         </EnvironmentVariable>
         <EnvironmentVariable
            key = "LIVEKIT_API_KEY"
            value = "APIQHBwJmtdMyTX"
            isEnabled = "YES">
         </EnvironmentVariable>
         <EnvironmentVariable
            key = "LIVEKIT_API_SECRET"
            value = "8EGDn2kxW2ktFmERP1sdBo5rqP4A04cmvW3NSvO2A9C"
            isEnabled = "YES">
         </EnvironmentVariable>
         <EnvironmentVariable
            key = "OPENAI_API_KEY"
            value = "k-proj-BM1YWS3VPdwBWnzAw4kprS4H1wCLHfYJYeoIGJXkd8S-muFxL9Ty-u55a2DOs0iJ60TBPHxDMAT3BlbkFJ0gRWYh0zTcNcGY8v9120ngE0rlUf1dcgVOGTNbNo0zOB07gVhsRBxWIuSd7TCSlo7G4gJvDewA"
            isEnabled = "YES">
         </EnvironmentVariable>
         <EnvironmentVariable
            key = "GOOGLE_API_KEY"
            value = "AIzaSyDey9OgT-0JDynDKpblQJk3IWTXRjV8doQ"
            isEnabled = "YES">
         </EnvironmentVariable>
      </EnvironmentVariables>
   </LaunchAction>
   <ProfileAction
      buildConfiguration = "Release"
      shouldUseLaunchSchemeArgsEnv = "YES"
      savedToolIdentifier = ""
      useCustomWorkingDirectory = "NO"
      debugDocumentVersioning = "YES">
      <BuildableProductRunnable
         runnableDebuggingMode = "0">
         <BuildableReference
            BuildableIdentifier = "primary"
            BlueprintIdentifier = "C9104ACD2E48586500C713CC"
            BuildableName = "VoiceMap.app"
            BlueprintName = "VoiceMap"
            ReferencedContainer = "container:VoiceMap.xcodeproj">
         </BuildableReference>
      </BuildableProductRunnable>
   </ProfileAction>
   <AnalyzeAction
      buildConfiguration = "Debug">
   </AnalyzeAction>
   <ArchiveAction
      buildConfiguration = "Release"
      revealArchiveInOrganizer = "YES">
   </ArchiveAction>
</Scheme>
